
Microsoft Visual Studio Solution File, Format Version 12.00
# Visual Studio 15
Project("{FAE04EC0-301F-11D3-BF4B-00C04F79EFBC}") = "Assembly-CSharp", "Assembly-CSharp.csproj", "{4D3EA89F-3AE6-288B-3FCA-7030918C6658}"
EndProject
Project("{FAE04EC0-301F-11D3-BF4B-00C04F79EFBC}") = "Assembly-CSharp-Editor", "Assembly-CSharp-Editor.csproj", "{C2D3335A-9234-8E7E-C4F7-9F75A53AAE55}"
EndProject
Global
	GlobalSection(SolutionConfigurationPlatforms) = preSolution
		Debug|Any CPU = Debug|Any CPU
		Release|Any CPU = Release|Any CPU
	EndGlobalSection
	GlobalSection(ProjectConfigurationPlatforms) = postSolution
		{4D3EA89F-3AE6-288B-3FCA-7030918C6658}.Debug|Any CPU.ActiveCfg = Debug|Any CPU
		{4D3EA89F-3AE6-288B-3FCA-7030918C6658}.Debug|Any CPU.Build.0 = Debug|Any CPU
		{4D3EA89F-3AE6-288B-3FCA-7030918C6658}.Release|Any CPU.ActiveCfg = Release|Any CPU
		{4D3EA89F-3AE6-288B-3FCA-7030918C6658}.Release|Any CPU.Build.0 = Release|Any CPU
		{C2D3335A-9234-8E7E-C4F7-9F75A53AAE55}.Debug|Any CPU.ActiveCfg = Debug|Any CPU
		{C2D3335A-9234-8E7E-C4F7-9F75A53AAE55}.Debug|Any CPU.Build.0 = Debug|Any CPU
		{C2D3335A-9234-8E7E-C4F7-9F75A53AAE55}.Release|Any CPU.ActiveCfg = Release|Any CPU
		{C2D3335A-9234-8E7E-C4F7-9F75A53AAE55}.Release|Any CPU.Build.0 = Release|Any CPU
	EndGlobalSection
	GlobalSection(SolutionProperties) = preSolution
		HideSolutionNode = FALSE
	EndGlobalSection
EndGlobal
